// !$*UTF8*$!
{
	archiveVersion = 1;
	classes = {
	};
	objectVersion = 46;
	objects = {

/* Begin PBXBuildFile section */
		41B70F861CBD090E0059CD26 /* main.m in Sources */ = {isa = PBXBuildFile; fileRef = 41B70F851CBD090E0059CD26 /* main.m */; };
		41B70F891CBD090E0059CD26 /* AppDelegate.m in Sources */ = {isa = PBXBuildFile; fileRef = 41B70F881CBD090E0059CD26 /* AppDelegate.m */; };
		41B70F8C1CBD090E0059CD26 /* ViewController.m in Sources */ = {isa = PBXBuildFile; fileRef = 41B70F8B1CBD090E0059CD26 /* ViewController.m */; };
		41B70F8F1CBD090E0059CD26 /* Main.storyboard in Resources */ = {isa = PBXBuildFile; fileRef = 41B70F8D1CBD090E0059CD26 /* Main.storyboard */; };
		41B70F911CBD090E0059CD26 /* Assets.xcassets in Resources */ = {isa = PBXBuildFile; fileRef = 41B70F901CBD090E0059CD26 /* Assets.xcassets */; };
		41B70F941CBD090E0059CD26 /* LaunchScreen.storyboard in Resources */ = {isa = PBXBuildFile; fileRef = 41B70F921CBD090E0059CD26 /* LaunchScreen.storyboard */; };
		41B70F9F1CBD090E0059CD26 /* SSOTesterTests.m in Sources */ = {isa = PBXBuildFile; fileRef = 41B70F9E1CBD090E0059CD26 /* SSOTesterTests.m */; };
		41B70FAA1CBD090E0059CD26 /* SSOTesterUITests.m in Sources */ = {isa = PBXBuildFile; fileRef = 41B70FA91CBD090E0059CD26 /* SSOTesterUITests.m */; };
/* End PBXBuildFile section */

/* Begin PBXContainerItemProxy section */
		41B70F9B1CBD090E0059CD26 /* PBXContainerItemProxy */ = {
			isa = PBXContainerItemProxy;
			containerPortal = 41B70F791CBD090E0059CD26 /* Project object */;
			proxyType = 1;
			remoteGlobalIDString = 41B70F801CBD090E0059CD26;
			remoteInfo = SSOTester;
		};
		41B70FA61CBD090E0059CD26 /* PBXContainerItemProxy */ = {
			isa = PBXContainerItemProxy;
			containerPortal = 41B70F791CBD090E0059CD26 /* Project object */;
			proxyType = 1;
			remoteGlobalIDString = 41B70F801CBD090E0059CD26;
			remoteInfo = SSOTester;
		};
/* End PBXContainerItemProxy section */

/* Begin PBXFileReference section */
		41B70F811CBD090E0059CD26 /* SSOTester.app */ = {isa = PBXFileReference; explicitFileType = wrapper.application; includeInIndex = 0; path = SSOTester.app; sourceTree = BUILT_PRODUCTS_DIR; };
		41B70F851CBD090E0059CD26 /* main.m */ = {isa = PBXFileReference; lastKnownFileType = sourcecode.c.objc; path = main.m; sourceTree = "<group>"; };
		41B70F871CBD090E0059CD26 /* AppDelegate.h */ = {isa = PBXFileReference; lastKnownFileType = sourcecode.c.h; path = AppDelegate.h; sourceTree = "<group>"; };
		41B70F881CBD090E0059CD26 /* AppDelegate.m */ = {isa = PBXFileReference; lastKnownFileType = sourcecode.c.objc; path = AppDelegate.m; sourceTree = "<group>"; };
		41B70F8A1CBD090E0059CD26 /* ViewController.h */ = {isa = PBXFileReference; lastKnownFileType = sourcecode.c.h; path = ViewController.h; sourceTree = "<group>"; };
		41B70F8B1CBD090E0059CD26 /* ViewController.m */ = {isa = PBXFileReference; lastKnownFileType = sourcecode.c.objc; path = ViewController.m; sourceTree = "<group>"; };
		41B70F8E1CBD090E0059CD26 /* Base */ = {isa = PBXFileReference; lastKnownFileType = file.storyboard; name = Base; path = Base.lproj/Main.storyboard; sourceTree = "<group>"; };
		41B70F901CBD090E0059CD26 /* Assets.xcassets */ = {isa = PBXFileReference; lastKnownFileType = folder.assetcatalog; path = Assets.xcassets; sourceTree = "<group>"; };
		41B70F931CBD090E0059CD26 /* Base */ = {isa = PBXFileReference; lastKnownFileType = file.storyboard; name = Base; path = Base.lproj/LaunchScreen.storyboard; sourceTree = "<group>"; };
		41B70F951CBD090E0059CD26 /* Info.plist */ = {isa = PBXFileReference; lastKnownFileType = text.plist.xml; path = Info.plist; sourceTree = "<group>"; };
		41B70F9A1CBD090E0059CD26 /* SSOTesterTests.xctest */ = {isa = PBXFileReference; explicitFileType = wrapper.cfbundle; includeInIndex = 0; path = SSOTesterTests.xctest; sourceTree = BUILT_PRODUCTS_DIR; };
		41B70F9E1CBD090E0059CD26 /* SSOTesterTests.m */ = {isa = PBXFileReference; lastKnownFileType = sourcecode.c.objc; path = SSOTesterTests.m; sourceTree = "<group>"; };
		41B70FA01CBD090E0059CD26 /* Info.plist */ = {isa = PBXFileReference; lastKnownFileType = text.plist.xml; path = Info.plist; sourceTree = "<group>"; };
		41B70FA51CBD090E0059CD26 /* SSOTesterUITests.xctest */ = {isa = PBXFileReference; explicitFileType = wrapper.cfbundle; includeInIndex = 0; path = SSOTesterUITests.xctest; sourceTree = BUILT_PRODUCTS_DIR; };
		41B70FA91CBD090E0059CD26 /* SSOTesterUITests.m */ = {isa = PBXFileReference; lastKnownFileType = sourcecode.c.objc; path = SSOTesterUITests.m; sourceTree = "<group>"; };
		41B70FAB1CBD090E0059CD26 /* Info.plist */ = {isa = PBXFileReference; lastKnownFileType = text.plist.xml; path = Info.plist; sourceTree = "<group>"; };
/* End PBXFileReference section */

/* Begin PBXFrameworksBuildPhase section */
		41B70F7E1CBD090E0059CD26 /* Frameworks */ = {
			isa = PBXFrameworksBuildPhase;
			buildActionMask = 2147483647;
			files = (
			);
			runOnlyForDeploymentPostprocessing = 0;
		};
		41B70F971CBD090E0059CD26 /* Frameworks */ = {
			isa = PBXFrameworksBuildPhase;
			buildActionMask = 2147483647;
			files = (
			);
			runOnlyForDeploymentPostprocessing = 0;
		};
		41B70FA21CBD090E0059CD26 /* Frameworks */ = {
			isa = PBXFrameworksBuildPhase;
			buildActionMask = 2147483647;
			files = (
			);
			runOnlyForDeploymentPostprocessing = 0;
		};
/* End PBXFrameworksBuildPhase section */

/* Begin PBXGroup section */
		41B70F781CBD090E0059CD26 = {
			isa = PBXGroup;
			children = (
				41B70F831CBD090E0059CD26 /* SSOTester */,
				41B70F9D1CBD090E0059CD26 /* SSOTesterTests */,
				41B70FA81CBD090E0059CD26 /* SSOTesterUITests */,
				41B70F821CBD090E0059CD26 /* Products */,
			);
			sourceTree = "<group>";
		};
		41B70F821CBD090E0059CD26 /* Products */ = {
			isa = PBXGroup;
			children = (
				41B70F811CBD090E0059CD26 /* SSOTester.app */,
				41B70F9A1CBD090E0059CD26 /* SSOTesterTests.xctest */,
				41B70FA51CBD090E0059CD26 /* SSOTesterUITests.xctest */,
			);
			name = Products;
			sourceTree = "<group>";
		};
		41B70F831CBD090E0059CD26 /* SSOTester */ = {
			isa = PBXGroup;
			children = (
				41B70F871CBD090E0059CD26 /* AppDelegate.h */,
				41B70F881CBD090E0059CD26 /* AppDelegate.m */,
				41B70F8A1CBD090E0059CD26 /* ViewController.h */,
				41B70F8B1CBD090E0059CD26 /* ViewController.m */,
				41B70F8D1CBD090E0059CD26 /* Main.storyboard */,
				41B70F901CBD090E0059CD26 /* Assets.xcassets */,
				41B70F921CBD090E0059CD26 /* LaunchScreen.storyboard */,
				41B70F951CBD090E0059CD26 /* Info.plist */,
				41B70F841CBD090E0059CD26 /* Supporting Files */,
			);
			path = SSOTester;
			sourceTree = "<group>";
		};
		41B70F841CBD090E0059CD26 /* Supporting Files */ = {
			isa = PBXGroup;
			children = (
				41B70F851CBD090E0059CD26 /* main.m */,
			);
			name = "Supporting Files";
			sourceTree = "<group>";
		};
		41B70F9D1CBD090E0059CD26 /* SSOTesterTests */ = {
			isa = PBXGroup;
			children = (
				41B70F9E1CBD090E0059CD26 /* SSOTesterTests.m */,
				41B70FA01CBD090E0059CD26 /* Info.plist */,
			);
			path = SSOTesterTests;
			sourceTree = "<group>";
		};
		41B70FA81CBD090E0059CD26 /* SSOTesterUITests */ = {
			isa = PBXGroup;
			children = (
				41B70FA91CBD090E0059CD26 /* SSOTesterUITests.m */,
				41B70FAB1CBD090E0059CD26 /* Info.plist */,
			);
			path = SSOTesterUITests;
			sourceTree = "<group>";
		};
/* End PBXGroup section */

/* Begin PBXNativeTarget section */
		41B70F801CBD090E0059CD26 /* SSOTester */ = {
			isa = PBXNativeTarget;
			buildConfigurationList = 41B70FAE1CBD090E0059CD26 /* Build configuration list for PBXNativeTarget "SSOTester" */;
			buildPhases = (
				41B70F7D1CBD090E0059CD26 /* Sources */,
				41B70F7E1CBD090E0059CD26 /* Frameworks */,
				41B70F7F1CBD090E0059CD26 /* Resources */,
			);
			buildRules = (
			);
			dependencies = (
			);
			name = SSOTester;
			productName = SSOTester;
			productReference = 41B70F811CBD090E0059CD26 /* SSOTester.app */;
			productType = "com.apple.product-type.application";
		};
		41B70F991CBD090E0059CD26 /* SSOTesterTests */ = {
			isa = PBXNativeTarget;
			buildConfigurationList = 41B70FB11CBD090E0059CD26 /* Build configuration list for PBXNativeTarget "SSOTesterTests" */;
			buildPhases = (
				41B70F961CBD090E0059CD26 /* Sources */,
				41B70F971CBD090E0059CD26 /* Frameworks */,
				41B70F981CBD090E0059CD26 /* Resources */,
			);
			buildRules = (
			);
			dependencies = (
				41B70F9C1CBD090E0059CD26 /* PBXTargetDependency */,
			);
			name = SSOTesterTests;
			productName = SSOTesterTests;
			productReference = 41B70F9A1CBD090E0059CD26 /* SSOTesterTests.xctest */;
			productType = "com.apple.product-type.bundle.unit-test";
		};
		41B70FA41CBD090E0059CD26 /* SSOTesterUITests */ = {
			isa = PBXNativeTarget;
			buildConfigurationList = 41B70FB41CBD090E0059CD26 /* Build configuration list for PBXNativeTarget "SSOTesterUITests" */;
			buildPhases = (
				41B70FA11CBD090E0059CD26 /* Sources */,
				41B70FA21CBD090E0059CD26 /* Frameworks */,
				41B70FA31CBD090E0059CD26 /* Resources */,
			);
			buildRules = (
			);
			dependencies = (
				41B70FA71CBD090E0059CD26 /* PBXTargetDependency */,
			);
			name = SSOTesterUITests;
			productName = SSOTesterUITests;
			productReference = 41B70FA51CBD090E0059CD26 /* SSOTesterUITests.xctest */;
			productType = "com.apple.product-type.bundle.ui-testing";
		};
/* End PBXNativeTarget section */

/* Begin PBXProject section */
		41B70F791CBD090E0059CD26 /* Project object */ = {
			isa = PBXProject;
			attributes = {
				LastUpgradeCheck = 0730;
				ORGANIZATIONNAME = Proto;
				TargetAttributes = {
					41B70F801CBD090E0059CD26 = {
						CreatedOnToolsVersion = 7.3;
					};
					41B70F991CBD090E0059CD26 = {
						CreatedOnToolsVersion = 7.3;
						TestTargetID = 41B70F801CBD090E0059CD26;
					};
					41B70FA41CBD090E0059CD26 = {
						CreatedOnToolsVersion = 7.3;
						TestTargetID = 41B70F801CBD090E0059CD26;
					};
				};
			};
			buildConfigurationList = 41B70F7C1CBD090E0059CD26 /* Build configuration list for PBXProject "SSOTester" */;
			compatibilityVersion = "Xcode 3.2";
			developmentRegion = English;
			hasScannedForEncodings = 0;
			knownRegions = (
				en,
				Base,
			);
			mainGroup = 41B70F781CBD090E0059CD26;
			productRefGroup = 41B70F821CBD090E0059CD26 /* Products */;
			projectDirPath = "";
			projectRoot = "";
			targets = (
				41B70F801CBD090E0059CD26 /* SSOTester */,
				41B70F991CBD090E0059CD26 /* SSOTesterTests */,
				41B70FA41CBD090E0059CD26 /* SSOTesterUITests */,
			);
		};
/* End PBXProject section */

/* Begin PBXResourcesBuildPhase section */
		41B70F7F1CBD090E0059CD26 /* Resources */ = {
			isa = PBXResourcesBuildPhase;
			buildActionMask = 2147483647;
			files = (
				41B70F941CBD090E0059CD26 /* LaunchScreen.storyboard in Resources */,
				41B70F911CBD090E0059CD26 /* Assets.xcassets in Resources */,
				41B70F8F1CBD090E0059CD26 /* Main.storyboard in Resources */,
			);
			runOnlyForDeploymentPostprocessing = 0;
		};
		41B70F981CBD090E0059CD26 /* Resources */ = {
			isa = PBXResourcesBuildPhase;
			buildActionMask = 2147483647;
			files = (
			);
			runOnlyForDeploymentPostprocessing = 0;
		};
		41B70FA31CBD090E0059CD26 /* Resources */ = {
			isa = PBXResourcesBuildPhase;
			buildActionMask = 2147483647;
			files = (
			);
			runOnlyForDeploymentPostprocessing = 0;
		};
/* End PBXResourcesBuildPhase section */

/* Begin PBXSourcesBuildPhase section */
		41B70F7D1CBD090E0059CD26 /* Sources */ = {
			isa = PBXSourcesBuildPhase;
			buildActionMask = 2147483647;
			files = (
				41B70F8C1CBD090E0059CD26 /* ViewController.m in Sources */,
				41B70F891CBD090E0059CD26 /* AppDelegate.m in Sources */,
				41B70F861CBD090E0059CD26 /* main.m in Sources */,
			);
			runOnlyForDeploymentPostprocessing = 0;
		};
		41B70F961CBD090E0059CD26 /* Sources */ = {
			isa = PBXSourcesBuildPhase;
			buildActionMask = 2147483647;
			files = (
				41B70F9F1CBD090E0059CD26 /* SSOTesterTests.m in Sources */,
			);
			runOnlyForDeploymentPostprocessing = 0;
		};
		41B70FA11CBD090E0059CD26 /* Sources */ = {
			isa = PBXSourcesBuildPhase;
			buildActionMask = 2147483647;
			files = (
				41B70FAA1CBD090E0059CD26 /* SSOTesterUITests.m in Sources */,
			);
			runOnlyForDeploymentPostprocessing = 0;
		};
/* End PBXSourcesBuildPhase section */

/* Begin PBXTargetDependency section */
		41B70F9C1CBD090E0059CD26 /* PBXTargetDependency */ = {
			isa = PBXTargetDependency;
			target = 41B70F801CBD090E0059CD26 /* SSOTester */;
			targetProxy = 41B70F9B1CBD090E0059CD26 /* PBXContainerItemProxy */;
		};
		41B70FA71CBD090E0059CD26 /* PBXTargetDependency */ = {
			isa = PBXTargetDependency;
			target = 41B70F801CBD090E0059CD26 /* SSOTester */;
			targetProxy = 41B70FA61CBD090E0059CD26 /* PBXContainerItemProxy */;
		};
/* End PBXTargetDependency section */

/* Begin PBXVariantGroup section */
		41B70F8D1CBD090E0059CD26 /* Main.storyboard */ = {
			isa = PBXVariantGroup;
			children = (
				41B70F8E1CBD090E0059CD26 /* Base */,
			);
			name = Main.storyboard;
			sourceTree = "<group>";
		};
		41B70F921CBD090E0059CD26 /* LaunchScreen.storyboard */ = {
			isa = PBXVariantGroup;
			children = (
				41B70F931CBD090E0059CD26 /* Base */,
			);
			name = LaunchScreen.storyboard;
			sourceTree = "<group>";
		};
/* End PBXVariantGroup section */

/* Begin XCBuildConfiguration section */
		41B70FAC1CBD090E0059CD26 /* Debug */ = {
			isa = XCBuildConfiguration;
			buildSettings = {
				ALWAYS_SEARCH_USER_PATHS = NO;
				CLANG_ANALYZER_NONNULL = YES;
				CLANG_CXX_LANGUAGE_STANDARD = "gnu++0x";
				CLANG_CXX_LIBRARY = "libc++";
				CLANG_ENABLE_MODULES = YES;
				CLANG_ENABLE_OBJC_ARC = YES;
				CLANG_WARN_BOOL_CONVERSION = YES;
				CLANG_WARN_CONSTANT_CONVERSION = YES;
				CLANG_WARN_DIRECT_OBJC_ISA_USAGE = YES_ERROR;
				CLANG_WARN_EMPTY_BODY = YES;
				CLANG_WARN_ENUM_CONVERSION = YES;
				CLANG_WARN_INT_CONVERSION = YES;
				CLANG_WARN_OBJC_ROOT_CLASS = YES_ERROR;
				CLANG_WARN_UNREACHABLE_CODE = YES;
				CLANG_WARN__DUPLICATE_METHOD_MATCH = YES;
				"CODE_SIGN_IDENTITY[sdk=iphoneos*]" = "iPhone Developer";
				COPY_PHASE_STRIP = NO;
				DEBUG_INFORMATION_FORMAT = dwarf;
				ENABLE_STRICT_OBJC_MSGSEND = YES;
				ENABLE_TESTABILITY = YES;
				GCC_C_LANGUAGE_STANDARD = gnu99;
				GCC_DYNAMIC_NO_PIC = NO;
				GCC_NO_COMMON_BLOCKS = YES;
				GCC_OPTIMIZATION_LEVEL = 0;
				GCC_PREPROCESSOR_DEFINITIONS = (
					"DEBUG=1",
					"$(inherited)",
				);
				GCC_WARN_64_TO_32_BIT_CONVERSION = YES;
				GCC_WARN_ABOUT_RETURN_TYPE = YES_ERROR;
				GCC_WARN_UNDECLARED_SELECTOR = YES;
				GCC_WARN_UNINITIALIZED_AUTOS = YES_AGGRESSIVE;
				GCC_WARN_UNUSED_FUNCTION = YES;
				GCC_WARN_UNUSED_VARIABLE = YES;
				IPHONEOS_DEPLOYMENT_TARGET = 9.3;
				MTL_ENABLE_DEBUG_INFO = YES;
				ONLY_ACTIVE_ARCH = YES;
				SDKROOT = iphoneos;
			};
			name = Debug;
		};
		41B70FAD1CBD090E0059CD26 /* Release */ = {
			isa = XCBuildConfiguration;
			buildSettings = {
				ALWAYS_SEARCH_USER_PATHS = NO;
				CLANG_ANALYZER_NONNULL = YES;
				CLANG_CXX_LANGUAGE_STANDARD = "gnu++0x";
				CLANG_CXX_LIBRARY = "libc++";
				CLANG_ENABLE_MODULES = YES;
				CLANG_ENABLE_OBJC_ARC = YES;
				CLANG_WARN_BOOL_CONVERSION = YES;
				CLANG_WARN_CONSTANT_CONVERSION = YES;
				CLANG_WARN_DIRECT_OBJC_ISA_USAGE = YES_ERROR;
				CLANG_WARN_EMPTY_BODY = YES;
				CLANG_WARN_ENUM_CONVERSION = YES;
				CLANG_WARN_INT_CONVERSION = YES;
				CLANG_WARN_OBJC_ROOT_CLASS = YES_ERROR;
				CLANG_WARN_UNREACHABLE_CODE = YES;
				CLANG_WARN__DUPLICATE_METHOD_MATCH = YES;
				"CODE_SIGN_IDENTITY[sdk=iphoneos*]" = "iPhone Developer";
				COPY_PHASE_STRIP = NO;
				DEBUG_INFORMATION_FORMAT = "dwarf-with-dsym";
				ENABLE_NS_ASSERTIONS = NO;
				ENABLE_STRICT_OBJC_MSGSEND = YES;
				GCC_C_LANGUAGE_STANDARD = gnu99;
				GCC_NO_COMMON_BLOCKS = YES;
				GCC_WARN_64_TO_32_BIT_CONVERSION = YES;
				GCC_WARN_ABOUT_RETURN_TYPE = YES_ERROR;
				GCC_WARN_UNDECLARED_SELECTOR = YES;
				GCC_WARN_UNINITIALIZED_AUTOS = YES_AGGRESSIVE;
				GCC_WARN_UNUSED_FUNCTION = YES;
				GCC_WARN_UNUSED_VARIABLE = YES;
				IPHONEOS_DEPLOYMENT_TARGET = 9.3;
				MTL_ENABLE_DEBUG_INFO = NO;
				SDKROOT = iphoneos;
				VALIDATE_PRODUCT = YES;
			};
			name = Release;
		};
		41B70FAF1CBD090E0059CD26 /* Debug */ = {
			isa = XCBuildConfiguration;
			buildSettings = {
				ASSETCATALOG_COMPILER_APPICON_NAME = AppIcon;
				INFOPLIST_FILE = SSOTester/Info.plist;
				LD_RUNPATH_SEARCH_PATHS = "$(inherited) @executable_path/Frameworks";
				PRODUCT_BUNDLE_IDENTIFIER = com.buildproto.SSOTester;
				PRODUCT_NAME = "$(TARGET_NAME)";
			};
			name = Debug;
		};
		41B70FB01CBD090E0059CD26 /* Release */ = {
			isa = XCBuildConfiguration;
			buildSettings = {
				ASSETCATALOG_COMPILER_APPICON_NAME = AppIcon;
				INFOPLIST_FILE = SSOTester/Info.plist;
				LD_RUNPATH_SEARCH_PATHS = "$(inherited) @executable_path/Frameworks";
				PRODUCT_BUNDLE_IDENTIFIER = com.buildproto.SSOTester;
				PRODUCT_NAME = "$(TARGET_NAME)";
			};
			name = Release;
		};
		41B70FB21CBD090E0059CD26 /* Debug */ = {
			isa = XCBuildConfiguration;
			buildSettings = {
				BUNDLE_LOADER = "$(TEST_HOST)";
				INFOPLIST_FILE = SSOTesterTests/Info.plist;
				LD_RUNPATH_SEARCH_PATHS = "$(inherited) @executable_path/Frameworks @loader_path/Frameworks";
				PRODUCT_BUNDLE_IDENTIFIER = com.buildproto.SSOTesterTests;
				PRODUCT_NAME = "$(TARGET_NAME)";
				TEST_HOST = "$(BUILT_PRODUCTS_DIR)/SSOTester.app/SSOTester";
			};
			name = Debug;
		};
		41B70FB31CBD090E0059CD26 /* Release */ = {
			isa = XCBuildConfiguration;
			buildSettings = {
				BUNDLE_LOADER = "$(TEST_HOST)";
				INFOPLIST_FILE = SSOTesterTests/Info.plist;
				LD_RUNPATH_SEARCH_PATHS = "$(inherited) @executable_path/Frameworks @loader_path/Frameworks";
				PRODUCT_BUNDLE_IDENTIFIER = com.buildproto.SSOTesterTests;
				PRODUCT_NAME = "$(TARGET_NAME)";
				TEST_HOST = "$(BUILT_PRODUCTS_DIR)/SSOTester.app/SSOTester";
			};
			name = Release;
		};
		41B70FB51CBD090E0059CD26 /* Debug */ = {
			isa = XCBuildConfiguration;
			buildSettings = {
				INFOPLIST_FILE = SSOTesterUITests/Info.plist;
				LD_RUNPATH_SEARCH_PATHS = "$(inherited) @executable_path/Frameworks @loader_path/Frameworks";
				PRODUCT_BUNDLE_IDENTIFIER = com.buildproto.SSOTesterUITests;
				PRODUCT_NAME = "$(TARGET_NAME)";
				TEST_TARGET_NAME = SSOTester;
			};
			name = Debug;
		};
		41B70FB61CBD090E0059CD26 /* Release */ = {
			isa = XCBuildConfiguration;
			buildSettings = {
				INFOPLIST_FILE = SSOTesterUITests/Info.plist;
				LD_RUNPATH_SEARCH_PATHS = "$(inherited) @executable_path/Frameworks @loader_path/Frameworks";
				PRODUCT_BUNDLE_IDENTIFIER = com.buildproto.SSOTesterUITests;
				PRODUCT_NAME = "$(TARGET_NAME)";
				TEST_TARGET_NAME = SSOTester;
			};
			name = Release;
		};
/* End XCBuildConfiguration section */

/* Begin XCConfigurationList section */
		41B70F7C1CBD090E0059CD26 /* Build configuration list for PBXProject "SSOTester" */ = {
			isa = XCConfigurationList;
			buildConfigurations = (
				41B70FAC1CBD090E0059CD26 /* Debug */,
				41B70FAD1CBD090E0059CD26 /* Release */,
			);
			defaultConfigurationIsVisible = 0;
			defaultConfigurationName = Release;
		};
		41B70FAE1CBD090E0059CD26 /* Build configuration list for PBXNativeTarget "SSOTester" */ = {
			isa = XCConfigurationList;
			buildConfigurations = (
				41B70FAF1CBD090E0059CD26 /* Debug */,
				41B70FB01CBD090E0059CD26 /* Release */,
			);
			defaultConfigurationIsVisible = 0;
		};
		41B70FB11CBD090E0059CD26 /* Build configuration list for PBXNativeTarget "SSOTesterTests" */ = {
			isa = XCConfigurationList;
			buildConfigurations = (
				41B70FB21CBD090E0059CD26 /* Debug */,
				41B70FB31CBD090E0059CD26 /* Release */,
			);
			defaultConfigurationIsVisible = 0;
		};
		41B70FB41CBD090E0059CD26 /* Build configuration list for PBXNativeTarget "SSOTesterUITests" */ = {
			isa = XCConfigurationList;
			buildConfigurations = (
				41B70FB51CBD090E0059CD26 /* Debug */,
				41B70FB61CBD090E0059CD26 /* Release */,
			);
			defaultConfigurationIsVisible = 0;
		};
/* End XCConfigurationList section */
	};
	rootObject = 41B70F791CBD090E0059CD26 /* Project object */;
}
